
Microsoft Visual Studio Solution File, Format Version 12.00
# Visual Studio Version 17
VisualStudioVersion = 17.14.36518.9 d17.14
MinimumVisualStudioVersion = 10.0.40219.1
Project("{FAE04EC0-301F-11D3-BF4B-00C04F79EFBC}") = "CosmeticsStore.API", "CosmeticsStore.API\CosmeticsStore.API.csproj", "{A6CE1BDF-F807-42EB-A3A0-6DF34BA71301}"
EndProject
Project("{FAE04EC0-301F-11D3-BF4B-00C04F79EFBC}") = "CosmeticsStore.Services", "CosmeticsStore.Services\CosmeticsStore.Services.csproj", "{D9431139-2159-4DA7-9BB9-DDF26726256A}"
EndProject
Project("{FAE04EC0-301F-11D3-BF4B-00C04F79EFBC}") = "CosmeticsStore.Repositories", "CosmeticsStore.Repositories\CosmeticsStore.Repositories.csproj", "{5775692D-FB90-49FB-831E-1FD0671A4D8B}"
EndProject
Global
	GlobalSection(SolutionConfigurationPlatforms) = preSolution
		Debug|Any CPU = Debug|Any CPU
		Release|Any CPU = Release|Any CPU
	EndGlobalSection
	GlobalSection(ProjectConfigurationPlatforms) = postSolution
		{A6CE1BDF-F807-42EB-A3A0-6DF34BA71301}.Debug|Any CPU.ActiveCfg = Debug|Any CPU
		{A6CE1BDF-F807-42EB-A3A0-6DF34BA71301}.Debug|Any CPU.Build.0 = Debug|Any CPU
		{A6CE1BDF-F807-42EB-A3A0-6DF34BA71301}.Release|Any CPU.ActiveCfg = Release|Any CPU
		{A6CE1BDF-F807-42EB-A3A0-6DF34BA71301}.Release|Any CPU.Build.0 = Release|Any CPU
		{D9431139-2159-4DA7-9BB9-DDF26726256A}.Debug|Any CPU.ActiveCfg = Debug|Any CPU
		{D9431139-2159-4DA7-9BB9-DDF26726256A}.Debug|Any CPU.Build.0 = Debug|Any CPU
		{D9431139-2159-4DA7-9BB9-DDF26726256A}.Release|Any CPU.ActiveCfg = Release|Any CPU
		{D9431139-2159-4DA7-9BB9-DDF26726256A}.Release|Any CPU.Build.0 = Release|Any CPU
		{5775692D-FB90-49FB-831E-1FD0671A4D8B}.Debug|Any CPU.ActiveCfg = Debug|Any CPU
		{5775692D-FB90-49FB-831E-1FD0671A4D8B}.Debug|Any CPU.Build.0 = Debug|Any CPU
		{5775692D-FB90-49FB-831E-1FD0671A4D8B}.Release|Any CPU.ActiveCfg = Release|Any CPU
		{5775692D-FB90-49FB-831E-1FD0671A4D8B}.Release|Any CPU.Build.0 = Release|Any CPU
	EndGlobalSection
	GlobalSection(SolutionProperties) = preSolution
		HideSolutionNode = FALSE
	EndGlobalSection
	GlobalSection(ExtensibilityGlobals) = postSolution
		SolutionGuid = {70AC31BF-EFAA-4D3B-921F-2565CBD503D2}
	EndGlobalSection
EndGlobal
